
Microsoft Visual Studio Solution File, Format Version 12.00
# Visual Studio 2012
Project("{FAE04EC0-301F-11D3-BF4B-00C04F79EFBC}") = "TinyCQRS.Domain", "TinyCQRS.Domain\TinyCQRS.Domain.csproj", "{5D1CD87F-FE09-40FC-9146-CAABC456E518}"
EndProject
Project("{FAE04EC0-301F-11D3-BF4B-00C04F79EFBC}") = "TinyCQRS.Contracts", "TinyCQRS.Messages\TinyCQRS.Contracts.csproj", "{01BFD3A7-B73A-4DE4-92AF-D7CDC801EE2D}"
EndProject
Project("{FAE04EC0-301F-11D3-BF4B-00C04F79EFBC}") = "TinyCQRS.Infrastructure", "TinyCQRS.Infrastructure\TinyCQRS.Infrastructure.csproj", "{FEDCEEF9-B80C-413F-A2A9-C13CFFEB53A9}"
EndProject
Project("{FAE04EC0-301F-11D3-BF4B-00C04F79EFBC}") = "TinyCQRS.Client", "TinyCQRS.Client\TinyCQRS.Client.csproj", "{F3C162E9-3CB5-4AEA-B10D-B518C153167D}"
EndProject
Project("{FAE04EC0-301F-11D3-BF4B-00C04F79EFBC}") = "TinyCQRS.ReadModel", "TinyCQRS.ReadModel\TinyCQRS.ReadModel.csproj", "{55CBEF31-2765-4935-90FC-29A4078AFE96}"
EndProject
Project("{FAE04EC0-301F-11D3-BF4B-00C04F79EFBC}") = "TinyCQRS.WebClient", "TinyCQRS.WebClient\TinyCQRS.WebClient.csproj", "{B07A3FB6-3B40-412F-A2D3-B9F5D29E52BD}"
EndProject
Project("{FAE04EC0-301F-11D3-BF4B-00C04F79EFBC}") = "TinyCQRS.Application", "TinyCQRS.Application\TinyCQRS.Application.csproj", "{FEA8C11A-29B5-4E39-ADAF-0B5135A99D9D}"
EndProject
Project("{FAE04EC0-301F-11D3-BF4B-00C04F79EFBC}") = "TinyCQRS.IntegrationClient", "TinyCQRS.IntegrationClient\TinyCQRS.IntegrationClient.csproj", "{6F47170C-3FB5-4AC6-85A6-C11F13DBB7C3}"
EndProject
Global
	GlobalSection(SolutionConfigurationPlatforms) = preSolution
		Debug|Any CPU = Debug|Any CPU
		Release|Any CPU = Release|Any CPU
	EndGlobalSection
	GlobalSection(ProjectConfigurationPlatforms) = postSolution
		{5D1CD87F-FE09-40FC-9146-CAABC456E518}.Debug|Any CPU.ActiveCfg = Debug|Any CPU
		{5D1CD87F-FE09-40FC-9146-CAABC456E518}.Debug|Any CPU.Build.0 = Debug|Any CPU
		{5D1CD87F-FE09-40FC-9146-CAABC456E518}.Release|Any CPU.ActiveCfg = Release|Any CPU
		{5D1CD87F-FE09-40FC-9146-CAABC456E518}.Release|Any CPU.Build.0 = Release|Any CPU
		{01BFD3A7-B73A-4DE4-92AF-D7CDC801EE2D}.Debug|Any CPU.ActiveCfg = Debug|Any CPU
		{01BFD3A7-B73A-4DE4-92AF-D7CDC801EE2D}.Debug|Any CPU.Build.0 = Debug|Any CPU
		{01BFD3A7-B73A-4DE4-92AF-D7CDC801EE2D}.Release|Any CPU.ActiveCfg = Release|Any CPU
		{01BFD3A7-B73A-4DE4-92AF-D7CDC801EE2D}.Release|Any CPU.Build.0 = Release|Any CPU
		{FEDCEEF9-B80C-413F-A2A9-C13CFFEB53A9}.Debug|Any CPU.ActiveCfg = Debug|Any CPU
		{FEDCEEF9-B80C-413F-A2A9-C13CFFEB53A9}.Debug|Any CPU.Build.0 = Debug|Any CPU
		{FEDCEEF9-B80C-413F-A2A9-C13CFFEB53A9}.Release|Any CPU.ActiveCfg = Release|Any CPU
		{FEDCEEF9-B80C-413F-A2A9-C13CFFEB53A9}.Release|Any CPU.Build.0 = Release|Any CPU
		{F3C162E9-3CB5-4AEA-B10D-B518C153167D}.Debug|Any CPU.ActiveCfg = Debug|Any CPU
		{F3C162E9-3CB5-4AEA-B10D-B518C153167D}.Debug|Any CPU.Build.0 = Debug|Any CPU
		{F3C162E9-3CB5-4AEA-B10D-B518C153167D}.Release|Any CPU.ActiveCfg = Release|Any CPU
		{F3C162E9-3CB5-4AEA-B10D-B518C153167D}.Release|Any CPU.Build.0 = Release|Any CPU
		{55CBEF31-2765-4935-90FC-29A4078AFE96}.Debug|Any CPU.ActiveCfg = Debug|Any CPU
		{55CBEF31-2765-4935-90FC-29A4078AFE96}.Debug|Any CPU.Build.0 = Debug|Any CPU
		{55CBEF31-2765-4935-90FC-29A4078AFE96}.Release|Any CPU.ActiveCfg = Release|Any CPU
		{55CBEF31-2765-4935-90FC-29A4078AFE96}.Release|Any CPU.Build.0 = Release|Any CPU
		{B07A3FB6-3B40-412F-A2D3-B9F5D29E52BD}.Debug|Any CPU.ActiveCfg = Debug|Any CPU
		{B07A3FB6-3B40-412F-A2D3-B9F5D29E52BD}.Debug|Any CPU.Build.0 = Debug|Any CPU
		{B07A3FB6-3B40-412F-A2D3-B9F5D29E52BD}.Release|Any CPU.ActiveCfg = Release|Any CPU
		{B07A3FB6-3B40-412F-A2D3-B9F5D29E52BD}.Release|Any CPU.Build.0 = Release|Any CPU
		{FEA8C11A-29B5-4E39-ADAF-0B5135A99D9D}.Debug|Any CPU.ActiveCfg = Debug|Any CPU
		{FEA8C11A-29B5-4E39-ADAF-0B5135A99D9D}.Debug|Any CPU.Build.0 = Debug|Any CPU
		{FEA8C11A-29B5-4E39-ADAF-0B5135A99D9D}.Release|Any CPU.ActiveCfg = Release|Any CPU
		{FEA8C11A-29B5-4E39-ADAF-0B5135A99D9D}.Release|Any CPU.Build.0 = Release|Any CPU
		{6F47170C-3FB5-4AC6-85A6-C11F13DBB7C3}.Debug|Any CPU.ActiveCfg = Debug|Any CPU
		{6F47170C-3FB5-4AC6-85A6-C11F13DBB7C3}.Debug|Any CPU.Build.0 = Debug|Any CPU
		{6F47170C-3FB5-4AC6-85A6-C11F13DBB7C3}.Release|Any CPU.ActiveCfg = Release|Any CPU
		{6F47170C-3FB5-4AC6-85A6-C11F13DBB7C3}.Release|Any CPU.Build.0 = Release|Any CPU
	EndGlobalSection
	GlobalSection(SolutionProperties) = preSolution
		HideSolutionNode = FALSE
	EndGlobalSection
	GlobalSection(Performance) = preSolution
		HasPerformanceSessions = true
	EndGlobalSection
EndGlobal
